// !$*UTF8*$!
{
	archiveVersion = 1;
	classes = {
	};
	objectVersion = 46;
	objects = {

/* Begin PBXBuildFile section */
		9357F65E18C469640034FF67 /* DDHNullPiece.m in Sources */ = {isa = PBXBuildFile; fileRef = 9357F65D18C469640034FF67 /* DDHNullPiece.m */; };
		9357F66118C8FE170034FF67 /* questionMark.png in Resources */ = {isa = PBXBuildFile; fileRef = 9357F65F18C8FE160034FF67 /* questionMark.png */; };
		9357F66218C8FE170034FF67 /* questionMark@2x.png in Resources */ = {isa = PBXBuildFile; fileRef = 9357F66018C8FE170034FF67 /* questionMark@2x.png */; };
		93EEB0C318EB3478000DC31F /* DDHRandomChessController.m in Sources */ = {isa = PBXBuildFile; fileRef = 93EEB0C218EB3478000DC31F /* DDHRandomChessController.m */; };
		D5A1C97718C4631300429914 /* Foundation.framework in Frameworks */ = {isa = PBXBuildFile; fileRef = D5A1C97618C4631300429914 /* Foundation.framework */; };
		D5A1C97918C4631300429914 /* CoreGraphics.framework in Frameworks */ = {isa = PBXBuildFile; fileRef = D5A1C97818C4631300429914 /* CoreGraphics.framework */; };
		D5A1C97B18C4631300429914 /* UIKit.framework in Frameworks */ = {isa = PBXBuildFile; fileRef = D5A1C97A18C4631300429914 /* UIKit.framework */; };
		D5A1C98118C4631300429914 /* InfoPlist.strings in Resources */ = {isa = PBXBuildFile; fileRef = D5A1C97F18C4631300429914 /* InfoPlist.strings */; };
		D5A1C98318C4631300429914 /* main.m in Sources */ = {isa = PBXBuildFile; fileRef = D5A1C98218C4631300429914 /* main.m */; };
		D5A1C98718C4631300429914 /* DDHAppDelegate.m in Sources */ = {isa = PBXBuildFile; fileRef = D5A1C98618C4631300429914 /* DDHAppDelegate.m */; };
		D5A1C99018C4631300429914 /* XCTest.framework in Frameworks */ = {isa = PBXBuildFile; fileRef = D5A1C98F18C4631300429914 /* XCTest.framework */; };
		D5A1C99118C4631300429914 /* Foundation.framework in Frameworks */ = {isa = PBXBuildFile; fileRef = D5A1C97618C4631300429914 /* Foundation.framework */; };
		D5A1C99218C4631300429914 /* UIKit.framework in Frameworks */ = {isa = PBXBuildFile; fileRef = D5A1C97A18C4631300429914 /* UIKit.framework */; };
		D5A1C99A18C4631300429914 /* InfoPlist.strings in Resources */ = {isa = PBXBuildFile; fileRef = D5A1C99818C4631300429914 /* InfoPlist.strings */; };
		D5A1C99C18C4631300429914 /* DDHChessTests.m in Sources */ = {isa = PBXBuildFile; fileRef = D5A1C99B18C4631300429914 /* DDHChessTests.m */; };
		D5B86DCD18C4636800042BD9 /* BlackBishop.png in Resources */ = {isa = PBXBuildFile; fileRef = D5B86DB518C4636800042BD9 /* BlackBishop.png */; };
		D5B86DCE18C4636800042BD9 /* BlackBishop@2x.png in Resources */ = {isa = PBXBuildFile; fileRef = D5B86DB618C4636800042BD9 /* BlackBishop@2x.png */; };
		D5B86DCF18C4636800042BD9 /* BlackKing.png in Resources */ = {isa = PBXBuildFile; fileRef = D5B86DB718C4636800042BD9 /* BlackKing.png */; };
		D5B86DD018C4636800042BD9 /* BlackKing@2x.png in Resources */ = {isa = PBXBuildFile; fileRef = D5B86DB818C4636800042BD9 /* BlackKing@2x.png */; };
		D5B86DD118C4636800042BD9 /* BlackKnight.png in Resources */ = {isa = PBXBuildFile; fileRef = D5B86DB918C4636800042BD9 /* BlackKnight.png */; };
		D5B86DD218C4636800042BD9 /* BlackKnight@2x.png in Resources */ = {isa = PBXBuildFile; fileRef = D5B86DBA18C4636800042BD9 /* BlackKnight@2x.png */; };
		D5B86DD318C4636800042BD9 /* BlackPawn.png in Resources */ = {isa = PBXBuildFile; fileRef = D5B86DBB18C4636800042BD9 /* BlackPawn.png */; };
		D5B86DD418C4636800042BD9 /* BlackPawn@2x.png in Resources */ = {isa = PBXBuildFile; fileRef = D5B86DBC18C4636800042BD9 /* BlackPawn@2x.png */; };
		D5B86DD518C4636800042BD9 /* BlackQueen.png in Resources */ = {isa = PBXBuildFile; fileRef = D5B86DBD18C4636800042BD9 /* BlackQueen.png */; };
		D5B86DD618C4636800042BD9 /* BlackQueen@2x.png in Resources */ = {isa = PBXBuildFile; fileRef = D5B86DBE18C4636800042BD9 /* BlackQueen@2x.png */; };
		D5B86DD718C4636800042BD9 /* BlackRook.png in Resources */ = {isa = PBXBuildFile; fileRef = D5B86DBF18C4636800042BD9 /* BlackRook.png */; };
		D5B86DD818C4636800042BD9 /* BlackRook@2x.png in Resources */ = {isa = PBXBuildFile; fileRef = D5B86DC018C4636800042BD9 /* BlackRook@2x.png */; };
		D5B86DD918C4636800042BD9 /* WhiteBishop.png in Resources */ = {isa = PBXBuildFile; fileRef = D5B86DC118C4636800042BD9 /* WhiteBishop.png */; };
		D5B86DDA18C4636800042BD9 /* WhiteBishop@2x.png in Resources */ = {isa = PBXBuildFile; fileRef = D5B86DC218C4636800042BD9 /* WhiteBishop@2x.png */; };
		D5B86DDB18C4636800042BD9 /* WhiteKing.png in Resources */ = {isa = PBXBuildFile; fileRef = D5B86DC318C4636800042BD9 /* WhiteKing.png */; };
		D5B86DDC18C4636800042BD9 /* WhiteKing@2x.png in Resources */ = {isa = PBXBuildFile; fileRef = D5B86DC418C4636800042BD9 /* WhiteKing@2x.png */; };
		D5B86DDD18C4636800042BD9 /* WhiteKnight.png in Resources */ = {isa = PBXBuildFile; fileRef = D5B86DC518C4636800042BD9 /* WhiteKnight.png */; };
		D5B86DDE18C4636800042BD9 /* WhiteKnight@2x.png in Resources */ = {isa = PBXBuildFile; fileRef = D5B86DC618C4636800042BD9 /* WhiteKnight@2x.png */; };
		D5B86DDF18C4636800042BD9 /* WhitePawn.png in Resources */ = {isa = PBXBuildFile; fileRef = D5B86DC718C4636800042BD9 /* WhitePawn.png */; };
		D5B86DE018C4636800042BD9 /* WhitePawn@2x.png in Resources */ = {isa = PBXBuildFile; fileRef = D5B86DC818C4636800042BD9 /* WhitePawn@2x.png */; };
		D5B86DE118C4636800042BD9 /* WhiteQueen.png in Resources */ = {isa = PBXBuildFile; fileRef = D5B86DC918C4636800042BD9 /* WhiteQueen.png */; };
		D5B86DE218C4636800042BD9 /* WhiteQueen@2x.png in Resources */ = {isa = PBXBuildFile; fileRef = D5B86DCA18C4636800042BD9 /* WhiteQueen@2x.png */; };
		D5B86DE318C4636800042BD9 /* WhiteRook.png in Resources */ = {isa = PBXBuildFile; fileRef = D5B86DCB18C4636800042BD9 /* WhiteRook.png */; };
		D5B86DE418C4636800042BD9 /* WhiteRook@2x.png in Resources */ = {isa = PBXBuildFile; fileRef = D5B86DCC18C4636800042BD9 /* WhiteRook@2x.png */; };
		D5B86DFD18C4637A00042BD9 /* DDH2DArray.m in Sources */ = {isa = PBXBuildFile; fileRef = D5B86DE718C4637A00042BD9 /* DDH2DArray.m */; };
		D5B86DFE18C4637A00042BD9 /* DDHBishop.m in Sources */ = {isa = PBXBuildFile; fileRef = D5B86DE918C4637A00042BD9 /* DDHBishop.m */; };
		D5B86DFF18C4637A00042BD9 /* DDHBoard.m in Sources */ = {isa = PBXBuildFile; fileRef = D5B86DEB18C4637A00042BD9 /* DDHBoard.m */; };
		D5B86E0018C4637A00042BD9 /* DDHKing.m in Sources */ = {isa = PBXBuildFile; fileRef = D5B86DEE18C4637A00042BD9 /* DDHKing.m */; };
		D5B86E0118C4637A00042BD9 /* DDHKnight.m in Sources */ = {isa = PBXBuildFile; fileRef = D5B86DF018C4637A00042BD9 /* DDHKnight.m */; };
		D5B86E0218C4637A00042BD9 /* DDHPawn.m in Sources */ = {isa = PBXBuildFile; fileRef = D5B86DF218C4637A00042BD9 /* DDHPawn.m */; };
		D5B86E0318C4637A00042BD9 /* DDHPiece.m in Sources */ = {isa = PBXBuildFile; fileRef = D5B86DF418C4637A00042BD9 /* DDHPiece.m */; };
		D5B86E0418C4637A00042BD9 /* DDHQueen.m in Sources */ = {isa = PBXBuildFile; fileRef = D5B86DF618C4637A00042BD9 /* DDHQueen.m */; };
		D5B86E0618C4637A00042BD9 /* DDHRook.m in Sources */ = {isa = PBXBuildFile; fileRef = D5B86DFA18C4637A00042BD9 /* DDHRook.m */; };
		D5B86E0718C4637A00042BD9 /* DDHTuple.m in Sources */ = {isa = PBXBuildFile; fileRef = D5B86DFC18C4637A00042BD9 /* DDHTuple.m */; };
		D5B86E0B18C4639600042BD9 /* DDHMulticastDelegate.m in Sources */ = {isa = PBXBuildFile; fileRef = D5B86E0A18C4639600042BD9 /* DDHMulticastDelegate.m */; };
		D5B86E1118C463AB00042BD9 /* DDHBoardSquare.m in Sources */ = {isa = PBXBuildFile; fileRef = D5B86E0E18C463AB00042BD9 /* DDHBoardSquare.m */; };
		D5B86E1218C463AB00042BD9 /* DDHChessBoardView.m in Sources */ = {isa = PBXBuildFile; fileRef = D5B86E1018C463AB00042BD9 /* DDHChessBoardView.m */; };
		D5B86E1918C463B800042BD9 /* DDHViewController.m in Sources */ = {isa = PBXBuildFile; fileRef = D5B86E1518C463B800042BD9 /* DDHViewController.m */; };
		D5B86E1A18C463B800042BD9 /* Default-568h@2x.png in Resources */ = {isa = PBXBuildFile; fileRef = D5B86E1618C463B800042BD9 /* Default-568h@2x.png */; };
		D5B86E1B18C463B800042BD9 /* Default.png in Resources */ = {isa = PBXBuildFile; fileRef = D5B86E1718C463B800042BD9 /* Default.png */; };
		D5B86E1C18C463B800042BD9 /* Default@2x.png in Resources */ = {isa = PBXBuildFile; fileRef = D5B86E1818C463B800042BD9 /* Default@2x.png */; };
		D5B86E1F18C463C400042BD9 /* DDHViewController.xib in Resources */ = {isa = PBXBuildFile; fileRef = D5B86E1D18C463C400042BD9 /* DDHViewController.xib */; };
		D5DE7A9F18C69E6D00506C67 /* NullPiece.png in Resources */ = {isa = PBXBuildFile; fileRef = D5DE7A9E18C69E6D00506C67 /* NullPiece.png */; };
/* End PBXBuildFile section */

/* Begin PBXContainerItemProxy section */
		D5A1C99318C4631300429914 /* PBXContainerItemProxy */ = {
			isa = PBXContainerItemProxy;
			containerPortal = D5A1C96B18C4631200429914 /* Project object */;
			proxyType = 1;
			remoteGlobalIDString = D5A1C97218C4631200429914;
			remoteInfo = DDHChess;
		};
/* End PBXContainerItemProxy section */

/* Begin PBXFileReference section */
		9357F65C18C469640034FF67 /* DDHNullPiece.h */ = {isa = PBXFileReference; fileEncoding = 4; lastKnownFileType = sourcecode.c.h; name = DDHNullPiece.h; path = Model/DDHNullPiece.h; sourceTree = "<group>"; };
		9357F65D18C469640034FF67 /* DDHNullPiece.m */ = {isa = PBXFileReference; fileEncoding = 4; lastKnownFileType = sourcecode.c.objc; name = DDHNullPiece.m; path = Model/DDHNullPiece.m; sourceTree = "<group>"; };
		9357F65F18C8FE160034FF67 /* questionMark.png */ = {isa = PBXFileReference; lastKnownFileType = image.png; name = questionMark.png; path = Assets/questionMark.png; sourceTree = "<group>"; };
		9357F66018C8FE170034FF67 /* questionMark@2x.png */ = {isa = PBXFileReference; lastKnownFileType = image.png; name = "questionMark@2x.png"; path = "Assets/questionMark@2x.png"; sourceTree = "<group>"; };
		93EEB0C118EB3478000DC31F /* DDHRandomChessController.h */ = {isa = PBXFileReference; fileEncoding = 4; lastKnownFileType = sourcecode.c.h; path = DDHRandomChessController.h; sourceTree = "<group>"; };
		93EEB0C218EB3478000DC31F /* DDHRandomChessController.m */ = {isa = PBXFileReference; fileEncoding = 4; lastKnownFileType = sourcecode.c.objc; path = DDHRandomChessController.m; sourceTree = "<group>"; };
		D5A1C97318C4631200429914 /* DDHChess.app */ = {isa = PBXFileReference; explicitFileType = wrapper.application; includeInIndex = 0; path = DDHChess.app; sourceTree = BUILT_PRODUCTS_DIR; };
		D5A1C97618C4631300429914 /* Foundation.framework */ = {isa = PBXFileReference; lastKnownFileType = wrapper.framework; name = Foundation.framework; path = System/Library/Frameworks/Foundation.framework; sourceTree = SDKROOT; };
		D5A1C97818C4631300429914 /* CoreGraphics.framework */ = {isa = PBXFileReference; lastKnownFileType = wrapper.framework; name = CoreGraphics.framework; path = System/Library/Frameworks/CoreGraphics.framework; sourceTree = SDKROOT; };
		D5A1C97A18C4631300429914 /* UIKit.framework */ = {isa = PBXFileReference; lastKnownFileType = wrapper.framework; name = UIKit.framework; path = System/Library/Frameworks/UIKit.framework; sourceTree = SDKROOT; };
		D5A1C97E18C4631300429914 /* DDHChess-Info.plist */ = {isa = PBXFileReference; lastKnownFileType = text.plist.xml; path = "DDHChess-Info.plist"; sourceTree = "<group>"; };
		D5A1C98018C4631300429914 /* en */ = {isa = PBXFileReference; lastKnownFileType = text.plist.strings; name = en; path = en.lproj/InfoPlist.strings; sourceTree = "<group>"; };
		D5A1C98218C4631300429914 /* main.m */ = {isa = PBXFileReference; lastKnownFileType = sourcecode.c.objc; path = main.m; sourceTree = "<group>"; };
		D5A1C98418C4631300429914 /* DDHChess-Prefix.pch */ = {isa = PBXFileReference; lastKnownFileType = sourcecode.c.h; path = "DDHChess-Prefix.pch"; sourceTree = "<group>"; };
		D5A1C98518C4631300429914 /* DDHAppDelegate.h */ = {isa = PBXFileReference; lastKnownFileType = sourcecode.c.h; path = DDHAppDelegate.h; sourceTree = "<group>"; };
		D5A1C98618C4631300429914 /* DDHAppDelegate.m */ = {isa = PBXFileReference; lastKnownFileType = sourcecode.c.objc; path = DDHAppDelegate.m; sourceTree = "<group>"; };
		D5A1C98E18C4631300429914 /* DDHChessTests.xctest */ = {isa = PBXFileReference; explicitFileType = wrapper.cfbundle; includeInIndex = 0; path = DDHChessTests.xctest; sourceTree = BUILT_PRODUCTS_DIR; };
		D5A1C98F18C4631300429914 /* XCTest.framework */ = {isa = PBXFileReference; lastKnownFileType = wrapper.framework; name = XCTest.framework; path = Library/Frameworks/XCTest.framework; sourceTree = DEVELOPER_DIR; };
		D5A1C99718C4631300429914 /* DDHChessTests-Info.plist */ = {isa = PBXFileReference; lastKnownFileType = text.plist.xml; path = "DDHChessTests-Info.plist"; sourceTree = "<group>"; };
		D5A1C99918C4631300429914 /* en */ = {isa = PBXFileReference; lastKnownFileType = text.plist.strings; name = en; path = en.lproj/InfoPlist.strings; sourceTree = "<group>"; };
		D5A1C99B18C4631300429914 /* DDHChessTests.m */ = {isa = PBXFileReference; lastKnownFileType = sourcecode.c.objc; path = DDHChessTests.m; sourceTree = "<group>"; };
		D5B86DB518C4636800042BD9 /* BlackBishop.png */ = {isa = PBXFileReference; lastKnownFileType = image.png; name = BlackBishop.png; path = Assets/BlackBishop.png; sourceTree = "<group>"; };
		D5B86DB618C4636800042BD9 /* BlackBishop@2x.png */ = {isa = PBXFileReference; lastKnownFileType = image.png; name = "BlackBishop@2x.png"; path = "Assets/BlackBishop@2x.png"; sourceTree = "<group>"; };
		D5B86DB718C4636800042BD9 /* BlackKing.png */ = {isa = PBXFileReference; lastKnownFileType = image.png; name = BlackKing.png; path = Assets/BlackKing.png; sourceTree = "<group>"; };
		D5B86DB818C4636800042BD9 /* BlackKing@2x.png */ = {isa = PBXFileReference; lastKnownFileType = image.png; name = "BlackKing@2x.png"; path = "Assets/BlackKing@2x.png"; sourceTree = "<group>"; };
		D5B86DB918C4636800042BD9 /* BlackKnight.png */ = {isa = PBXFileReference; lastKnownFileType = image.png; name = BlackKnight.png; path = Assets/BlackKnight.png; sourceTree = "<group>"; };
		D5B86DBA18C4636800042BD9 /* BlackKnight@2x.png */ = {isa = PBXFileReference; lastKnownFileType = image.png; name = "BlackKnight@2x.png"; path = "Assets/BlackKnight@2x.png"; sourceTree = "<group>"; };
		D5B86DBB18C4636800042BD9 /* BlackPawn.png */ = {isa = PBXFileReference; lastKnownFileType = image.png; name = BlackPawn.png; path = Assets/BlackPawn.png; sourceTree = "<group>"; };
		D5B86DBC18C4636800042BD9 /* BlackPawn@2x.png */ = {isa = PBXFileReference; lastKnownFileType = image.png; name = "BlackPawn@2x.png"; path = "Assets/BlackPawn@2x.png"; sourceTree = "<group>"; };
		D5B86DBD18C4636800042BD9 /* BlackQueen.png */ = {isa = PBXFileReference; lastKnownFileType = image.png; name = BlackQueen.png; path = Assets/BlackQueen.png; sourceTree = "<group>"; };
		D5B86DBE18C4636800042BD9 /* BlackQueen@2x.png */ = {isa = PBXFileReference; lastKnownFileType = image.png; name = "BlackQueen@2x.png"; path = "Assets/BlackQueen@2x.png"; sourceTree = "<group>"; };
		D5B86DBF18C4636800042BD9 /* BlackRook.png */ = {isa = PBXFileReference; lastKnownFileType = image.png; name = BlackRook.png; path = Assets/BlackRook.png; sourceTree = "<group>"; };
		D5B86DC018C4636800042BD9 /* BlackRook@2x.png */ = {isa = PBXFileReference; lastKnownFileType = image.png; name = "BlackRook@2x.png"; path = "Assets/BlackRook@2x.png"; sourceTree = "<group>"; };
		D5B86DC118C4636800042BD9 /* WhiteBishop.png */ = {isa = PBXFileReference; lastKnownFileType = image.png; name = WhiteBishop.png; path = Assets/WhiteBishop.png; sourceTree = "<group>"; };
		D5B86DC218C4636800042BD9 /* WhiteBishop@2x.png */ = {isa = PBXFileReference; lastKnownFileType = image.png; name = "WhiteBishop@2x.png"; path = "Assets/WhiteBishop@2x.png"; sourceTree = "<group>"; };
		D5B86DC318C4636800042BD9 /* WhiteKing.png */ = {isa = PBXFileReference; lastKnownFileType = image.png; name = WhiteKing.png; path = Assets/WhiteKing.png; sourceTree = "<group>"; };
		D5B86DC418C4636800042BD9 /* WhiteKing@2x.png */ = {isa = PBXFileReference; lastKnownFileType = image.png; name = "WhiteKing@2x.png"; path = "Assets/WhiteKing@2x.png"; sourceTree = "<group>"; };
		D5B86DC518C4636800042BD9 /* WhiteKnight.png */ = {isa = PBXFileReference; lastKnownFileType = image.png; name = WhiteKnight.png; path = Assets/WhiteKnight.png; sourceTree = "<group>"; };
		D5B86DC618C4636800042BD9 /* WhiteKnight@2x.png */ = {isa = PBXFileReference; lastKnownFileType = image.png; name = "WhiteKnight@2x.png"; path = "Assets/WhiteKnight@2x.png"; sourceTree = "<group>"; };
		D5B86DC718C4636800042BD9 /* WhitePawn.png */ = {isa = PBXFileReference; lastKnownFileType = image.png; name = WhitePawn.png; path = Assets/WhitePawn.png; sourceTree = "<group>"; };
		D5B86DC818C4636800042BD9 /* WhitePawn@2x.png */ = {isa = PBXFileReference; lastKnownFileType = image.png; name = "WhitePawn@2x.png"; path = "Assets/WhitePawn@2x.png"; sourceTree = "<group>"; };
		D5B86DC918C4636800042BD9 /* WhiteQueen.png */ = {isa = PBXFileReference; lastKnownFileType = image.png; name = WhiteQueen.png; path = Assets/WhiteQueen.png; sourceTree = "<group>"; };
		D5B86DCA18C4636800042BD9 /* WhiteQueen@2x.png */ = {isa = PBXFileReference; lastKnownFileType = image.png; name = "WhiteQueen@2x.png"; path = "Assets/WhiteQueen@2x.png"; sourceTree = "<group>"; };
		D5B86DCB18C4636800042BD9 /* WhiteRook.png */ = {isa = PBXFileReference; lastKnownFileType = image.png; name = WhiteRook.png; path = Assets/WhiteRook.png; sourceTree = "<group>"; };
		D5B86DCC18C4636800042BD9 /* WhiteRook@2x.png */ = {isa = PBXFileReference; lastKnownFileType = image.png; name = "WhiteRook@2x.png"; path = "Assets/WhiteRook@2x.png"; sourceTree = "<group>"; };
		D5B86DE618C4637A00042BD9 /* DDH2DArray.h */ = {isa = PBXFileReference; fileEncoding = 4; lastKnownFileType = sourcecode.c.h; name = DDH2DArray.h; path = Model/DDH2DArray.h; sourceTree = "<group>"; };
		D5B86DE718C4637A00042BD9 /* DDH2DArray.m */ = {isa = PBXFileReference; fileEncoding = 4; lastKnownFileType = sourcecode.c.objc; name = DDH2DArray.m; path = Model/DDH2DArray.m; sourceTree = "<group>"; };
		D5B86DE818C4637A00042BD9 /* DDHBishop.h */ = {isa = PBXFileReference; fileEncoding = 4; lastKnownFileType = sourcecode.c.h; name = DDHBishop.h; path = Model/DDHBishop.h; sourceTree = "<group>"; };
		D5B86DE918C4637A00042BD9 /* DDHBishop.m */ = {isa = PBXFileReference; fileEncoding = 4; lastKnownFileType = sourcecode.c.objc; name = DDHBishop.m; path = Model/DDHBishop.m; sourceTree = "<group>"; };
		D5B86DEA18C4637A00042BD9 /* DDHBoard.h */ = {isa = PBXFileReference; fileEncoding = 4; lastKnownFileType = sourcecode.c.h; name = DDHBoard.h; path = Model/DDHBoard.h; sourceTree = "<group>"; };
		D5B86DEB18C4637A00042BD9 /* DDHBoard.m */ = {isa = PBXFileReference; fileEncoding = 4; lastKnownFileType = sourcecode.c.objc; name = DDHBoard.m; path = Model/DDHBoard.m; sourceTree = "<group>"; };
		D5B86DEC18C4637A00042BD9 /* DDHBoardDelegate.h */ = {isa = PBXFileReference; fileEncoding = 4; lastKnownFileType = sourcecode.c.h; name = DDHBoardDelegate.h; path = Model/DDHBoardDelegate.h; sourceTree = "<group>"; };
		D5B86DED18C4637A00042BD9 /* DDHKing.h */ = {isa = PBXFileReference; fileEncoding = 4; lastKnownFileType = sourcecode.c.h; name = DDHKing.h; path = Model/DDHKing.h; sourceTree = "<group>"; };
		D5B86DEE18C4637A00042BD9 /* DDHKing.m */ = {isa = PBXFileReference; fileEncoding = 4; lastKnownFileType = sourcecode.c.objc; name = DDHKing.m; path = Model/DDHKing.m; sourceTree = "<group>"; };
		D5B86DEF18C4637A00042BD9 /* DDHKnight.h */ = {isa = PBXFileReference; fileEncoding = 4; lastKnownFileType = sourcecode.c.h; name = DDHKnight.h; path = Model/DDHKnight.h; sourceTree = "<group>"; };
		D5B86DF018C4637A00042BD9 /* DDHKnight.m */ = {isa = PBXFileReference; fileEncoding = 4; lastKnownFileType = sourcecode.c.objc; name = DDHKnight.m; path = Model/DDHKnight.m; sourceTree = "<group>"; };
		D5B86DF118C4637A00042BD9 /* DDHPawn.h */ = {isa = PBXFileReference; fileEncoding = 4; lastKnownFileType = sourcecode.c.h; name = DDHPawn.h; path = Model/DDHPawn.h; sourceTree = "<group>"; };
		D5B86DF218C4637A00042BD9 /* DDHPawn.m */ = {isa = PBXFileReference; fileEncoding = 4; lastKnownFileType = sourcecode.c.objc; name = DDHPawn.m; path = Model/DDHPawn.m; sourceTree = "<group>"; };
		D5B86DF318C4637A00042BD9 /* DDHPiece.h */ = {isa = PBXFileReference; fileEncoding = 4; lastKnownFileType = sourcecode.c.h; name = DDHPiece.h; path = Model/DDHPiece.h; sourceTree = "<group>"; };
		D5B86DF418C4637A00042BD9 /* DDHPiece.m */ = {isa = PBXFileReference; fileEncoding = 4; lastKnownFileType = sourcecode.c.objc; name = DDHPiece.m; path = Model/DDHPiece.m; sourceTree = "<group>"; };
		D5B86DF518C4637A00042BD9 /* DDHQueen.h */ = {isa = PBXFileReference; fileEncoding = 4; lastKnownFileType = sourcecode.c.h; name = DDHQueen.h; path = Model/DDHQueen.h; sourceTree = "<group>"; };
		D5B86DF618C4637A00042BD9 /* DDHQueen.m */ = {isa = PBXFileReference; fileEncoding = 4; lastKnownFileType = sourcecode.c.objc; name = DDHQueen.m; path = Model/DDHQueen.m; sourceTree = "<group>"; };
		D5B86DF918C4637A00042BD9 /* DDHRook.h */ = {isa = PBXFileReference; fileEncoding = 4; lastKnownFileType = sourcecode.c.h; name = DDHRook.h; path = Model/DDHRook.h; sourceTree = "<group>"; };
		D5B86DFA18C4637A00042BD9 /* DDHRook.m */ = {isa = PBXFileReference; fileEncoding = 4; lastKnownFileType = sourcecode.c.objc; name = DDHRook.m; path = Model/DDHRook.m; sourceTree = "<group>"; };
		D5B86DFB18C4637A00042BD9 /* DDHTuple.h */ = {isa = PBXFileReference; fileEncoding = 4; lastKnownFileType = sourcecode.c.h; name = DDHTuple.h; path = Model/DDHTuple.h; sourceTree = "<group>"; };
		D5B86DFC18C4637A00042BD9 /* DDHTuple.m */ = {isa = PBXFileReference; fileEncoding = 4; lastKnownFileType = sourcecode.c.objc; name = DDHTuple.m; path = Model/DDHTuple.m; sourceTree = "<group>"; };
		D5B86E0918C4639600042BD9 /* DDHMulticastDelegate.h */ = {isa = PBXFileReference; fileEncoding = 4; lastKnownFileType = sourcecode.c.h; name = DDHMulticastDelegate.h; path = Util/DDHMulticastDelegate.h; sourceTree = "<group>"; };
		D5B86E0A18C4639600042BD9 /* DDHMulticastDelegate.m */ = {isa = PBXFileReference; fileEncoding = 4; lastKnownFileType = sourcecode.c.objc; name = DDHMulticastDelegate.m; path = Util/DDHMulticastDelegate.m; sourceTree = "<group>"; };
		D5B86E0D18C463AB00042BD9 /* DDHBoardSquare.h */ = {isa = PBXFileReference; fileEncoding = 4; lastKnownFileType = sourcecode.c.h; name = DDHBoardSquare.h; path = View/DDHBoardSquare.h; sourceTree = "<group>"; };
		D5B86E0E18C463AB00042BD9 /* DDHBoardSquare.m */ = {isa = PBXFileReference; fileEncoding = 4; lastKnownFileType = sourcecode.c.objc; name = DDHBoardSquare.m; path = View/DDHBoardSquare.m; sourceTree = "<group>"; };
		D5B86E0F18C463AB00042BD9 /* DDHChessBoardView.h */ = {isa = PBXFileReference; fileEncoding = 4; lastKnownFileType = sourcecode.c.h; name = DDHChessBoardView.h; path = View/DDHChessBoardView.h; sourceTree = "<group>"; };
		D5B86E1018C463AB00042BD9 /* DDHChessBoardView.m */ = {isa = PBXFileReference; fileEncoding = 4; lastKnownFileType = sourcecode.c.objc; name = DDHChessBoardView.m; path = View/DDHChessBoardView.m; sourceTree = "<group>"; };
		D5B86E1318C463B800042BD9 /* ChessPlayer.h */ = {isa = PBXFileReference; fileEncoding = 4; lastKnownFileType = sourcecode.c.h; path = ChessPlayer.h; sourceTree = "<group>"; };
		D5B86E1418C463B800042BD9 /* DDHViewController.h */ = {isa = PBXFileReference; fileEncoding = 4; lastKnownFileType = sourcecode.c.h; path = DDHViewController.h; sourceTree = "<group>"; };
		D5B86E1518C463B800042BD9 /* DDHViewController.m */ = {isa = PBXFileReference; fileEncoding = 4; lastKnownFileType = sourcecode.c.objc; path = DDHViewController.m; sourceTree = "<group>"; };
		D5B86E1618C463B800042BD9 /* Default-568h@2x.png */ = {isa = PBXFileReference; lastKnownFileType = image.png; path = "Default-568h@2x.png"; sourceTree = "<group>"; };
		D5B86E1718C463B800042BD9 /* Default.png */ = {isa = PBXFileReference; lastKnownFileType = image.png; path = Default.png; sourceTree = "<group>"; };
		D5B86E1818C463B800042BD9 /* Default@2x.png */ = {isa = PBXFileReference; lastKnownFileType = image.png; path = "Default@2x.png"; sourceTree = "<group>"; };
		D5B86E1E18C463C400042BD9 /* en */ = {isa = PBXFileReference; lastKnownFileType = file.xib; name = en; path = en.lproj/DDHViewController.xib; sourceTree = "<group>"; };
		D5DE7A9E18C69E6D00506C67 /* NullPiece.png */ = {isa = PBXFileReference; lastKnownFileType = image.png; name = NullPiece.png; path = Assets/NullPiece.png; sourceTree = "<group>"; };
/* End PBXFileReference section */

/* Begin PBXFrameworksBuildPhase section */
		D5A1C97018C4631200429914 /* Frameworks */ = {
			isa = PBXFrameworksBuildPhase;
			buildActionMask = 2147483647;
			files = (
				D5A1C97918C4631300429914 /* CoreGraphics.framework in Frameworks */,
				D5A1C97B18C4631300429914 /* UIKit.framework in Frameworks */,
				D5A1C97718C4631300429914 /* Foundation.framework in Frameworks */,
			);
			runOnlyForDeploymentPostprocessing = 0;
		};
		D5A1C98B18C4631300429914 /* Frameworks */ = {
			isa = PBXFrameworksBuildPhase;
			buildActionMask = 2147483647;
			files = (
				D5A1C99018C4631300429914 /* XCTest.framework in Frameworks */,
				D5A1C99218C4631300429914 /* UIKit.framework in Frameworks */,
				D5A1C99118C4631300429914 /* Foundation.framework in Frameworks */,
			);
			runOnlyForDeploymentPostprocessing = 0;
		};
/* End PBXFrameworksBuildPhase section */

/* Begin PBXGroup section */
		D5A1C96A18C4631200429914 = {
			isa = PBXGroup;
			children = (
				D5A1C97C18C4631300429914 /* DDHChess */,
				D5A1C99518C4631300429914 /* DDHChessTests */,
				D5A1C97518C4631200429914 /* Frameworks */,
				D5A1C97418C4631200429914 /* Products */,
			);
			sourceTree = "<group>";
		};
		D5A1C97418C4631200429914 /* Products */ = {
			isa = PBXGroup;
			children = (
				D5A1C97318C4631200429914 /* DDHChess.app */,
				D5A1C98E18C4631300429914 /* DDHChessTests.xctest */,
			);
			name = Products;
			sourceTree = "<group>";
		};
		D5A1C97518C4631200429914 /* Frameworks */ = {
			isa = PBXGroup;
			children = (
				D5A1C97618C4631300429914 /* Foundation.framework */,
				D5A1C97818C4631300429914 /* CoreGraphics.framework */,
				D5A1C97A18C4631300429914 /* UIKit.framework */,
				D5A1C98F18C4631300429914 /* XCTest.framework */,
			);
			name = Frameworks;
			sourceTree = "<group>";
		};
		D5A1C97C18C4631300429914 /* DDHChess */ = {
			isa = PBXGroup;
			children = (
				D5B86E1D18C463C400042BD9 /* DDHViewController.xib */,
				D5B86E1318C463B800042BD9 /* ChessPlayer.h */,
				D5B86E1418C463B800042BD9 /* DDHViewController.h */,
				D5B86E1518C463B800042BD9 /* DDHViewController.m */,
				93EEB0C118EB3478000DC31F /* DDHRandomChessController.h */,
				93EEB0C218EB3478000DC31F /* DDHRandomChessController.m */,
				D5B86E1618C463B800042BD9 /* Default-568h@2x.png */,
				D5B86E1718C463B800042BD9 /* Default.png */,
				D5B86E1818C463B800042BD9 /* Default@2x.png */,
				D5B86E0C18C4639E00042BD9 /* View */,
				D5B86E0818C4638700042BD9 /* Util */,
				D5B86DE518C4636C00042BD9 /* Model */,
				D5B86DB418C4635600042BD9 /* Assets */,
				D5A1C98518C4631300429914 /* DDHAppDelegate.h */,
				D5A1C98618C4631300429914 /* DDHAppDelegate.m */,
				D5A1C97D18C4631300429914 /* Supporting Files */,
			);
			path = DDHChess;
			sourceTree = "<group>";
		};
		D5A1C97D18C4631300429914 /* Supporting Files */ = {
			isa = PBXGroup;
			children = (
				D5A1C97E18C4631300429914 /* DDHChess-Info.plist */,
				D5A1C97F18C4631300429914 /* InfoPlist.strings */,
				D5A1C98218C4631300429914 /* main.m */,
				D5A1C98418C4631300429914 /* DDHChess-Prefix.pch */,
			);
			name = "Supporting Files";
			sourceTree = "<group>";
		};
		D5A1C99518C4631300429914 /* DDHChessTests */ = {
			isa = PBXGroup;
			children = (
				D5A1C99B18C4631300429914 /* DDHChessTests.m */,
				D5A1C99618C4631300429914 /* Supporting Files */,
			);
			path = DDHChessTests;
			sourceTree = "<group>";
		};
		D5A1C99618C4631300429914 /* Supporting Files */ = {
			isa = PBXGroup;
			children = (
				D5A1C99718C4631300429914 /* DDHChessTests-Info.plist */,
				D5A1C99818C4631300429914 /* InfoPlist.strings */,
			);
			name = "Supporting Files";
			sourceTree = "<group>";
		};
		D5B86DB418C4635600042BD9 /* Assets */ = {
			isa = PBXGroup;
			children = (
				D5DE7A9E18C69E6D00506C67 /* NullPiece.png */,
				9357F65F18C8FE160034FF67 /* questionMark.png */,
				9357F66018C8FE170034FF67 /* questionMark@2x.png */,
				D5B86DB518C4636800042BD9 /* BlackBishop.png */,
				D5B86DB618C4636800042BD9 /* BlackBishop@2x.png */,
				D5B86DB718C4636800042BD9 /* BlackKing.png */,
				D5B86DB818C4636800042BD9 /* BlackKing@2x.png */,
				D5B86DB918C4636800042BD9 /* BlackKnight.png */,
				D5B86DBA18C4636800042BD9 /* BlackKnight@2x.png */,
				D5B86DBB18C4636800042BD9 /* BlackPawn.png */,
				D5B86DBC18C4636800042BD9 /* BlackPawn@2x.png */,
				D5B86DBD18C4636800042BD9 /* BlackQueen.png */,
				D5B86DBE18C4636800042BD9 /* BlackQueen@2x.png */,
				D5B86DBF18C4636800042BD9 /* BlackRook.png */,
				D5B86DC018C4636800042BD9 /* BlackRook@2x.png */,
				D5B86DC118C4636800042BD9 /* WhiteBishop.png */,
				D5B86DC218C4636800042BD9 /* WhiteBishop@2x.png */,
				D5B86DC318C4636800042BD9 /* WhiteKing.png */,
				D5B86DC418C4636800042BD9 /* WhiteKing@2x.png */,
				D5B86DC518C4636800042BD9 /* WhiteKnight.png */,
				D5B86DC618C4636800042BD9 /* WhiteKnight@2x.png */,
				D5B86DC718C4636800042BD9 /* WhitePawn.png */,
				D5B86DC818C4636800042BD9 /* WhitePawn@2x.png */,
				D5B86DC918C4636800042BD9 /* WhiteQueen.png */,
				D5B86DCA18C4636800042BD9 /* WhiteQueen@2x.png */,
				D5B86DCB18C4636800042BD9 /* WhiteRook.png */,
				D5B86DCC18C4636800042BD9 /* WhiteRook@2x.png */,
			);
			name = Assets;
			sourceTree = "<group>";
		};
		D5B86DE518C4636C00042BD9 /* Model */ = {
			isa = PBXGroup;
			children = (
				D5B86DE618C4637A00042BD9 /* DDH2DArray.h */,
				D5B86DE718C4637A00042BD9 /* DDH2DArray.m */,
				D5B86DFB18C4637A00042BD9 /* DDHTuple.h */,
				D5B86DFC18C4637A00042BD9 /* DDHTuple.m */,
				D5B86DEA18C4637A00042BD9 /* DDHBoard.h */,
				D5B86DEB18C4637A00042BD9 /* DDHBoard.m */,
				D5B86DEC18C4637A00042BD9 /* DDHBoardDelegate.h */,
				D5B86DF318C4637A00042BD9 /* DDHPiece.h */,
				D5B86DF418C4637A00042BD9 /* DDHPiece.m */,
				9357F65C18C469640034FF67 /* DDHNullPiece.h */,
				9357F65D18C469640034FF67 /* DDHNullPiece.m */,
				D5B86DF118C4637A00042BD9 /* DDHPawn.h */,
				D5B86DF218C4637A00042BD9 /* DDHPawn.m */,
				D5B86DF918C4637A00042BD9 /* DDHRook.h */,
				D5B86DFA18C4637A00042BD9 /* DDHRook.m */,
				D5B86DEF18C4637A00042BD9 /* DDHKnight.h */,
				D5B86DF018C4637A00042BD9 /* DDHKnight.m */,
				D5B86DE818C4637A00042BD9 /* DDHBishop.h */,
				D5B86DE918C4637A00042BD9 /* DDHBishop.m */,
				D5B86DF518C4637A00042BD9 /* DDHQueen.h */,
				D5B86DF618C4637A00042BD9 /* DDHQueen.m */,
				D5B86DED18C4637A00042BD9 /* DDHKing.h */,
				D5B86DEE18C4637A00042BD9 /* DDHKing.m */,
			);
			name = Model;
			sourceTree = "<group>";
		};
		D5B86E0818C4638700042BD9 /* Util */ = {
			isa = PBXGroup;
			children = (
				D5B86E0918C4639600042BD9 /* DDHMulticastDelegate.h */,
				D5B86E0A18C4639600042BD9 /* DDHMulticastDelegate.m */,
			);
			name = Util;
			sourceTree = "<group>";
		};
		D5B86E0C18C4639E00042BD9 /* View */ = {
			isa = PBXGroup;
			children = (
				D5B86E0D18C463AB00042BD9 /* DDHBoardSquare.h */,
				D5B86E0E18C463AB00042BD9 /* DDHBoardSquare.m */,
				D5B86E0F18C463AB00042BD9 /* DDHChessBoardView.h */,
				D5B86E1018C463AB00042BD9 /* DDHChessBoardView.m */,
			);
			name = View;
			sourceTree = "<group>";
		};
/* End PBXGroup section */

/* Begin PBXNativeTarget section */
		D5A1C97218C4631200429914 /* DDHChess */ = {
			isa = PBXNativeTarget;
			buildConfigurationList = D5A1C99F18C4631300429914 /* Build configuration list for PBXNativeTarget "DDHChess" */;
			buildPhases = (
				D5A1C96F18C4631200429914 /* Sources */,
				D5A1C97018C4631200429914 /* Frameworks */,
				D5A1C97118C4631200429914 /* Resources */,
			);
			buildRules = (
			);
			dependencies = (
			);
			name = DDHChess;
			productName = DDHChess;
			productReference = D5A1C97318C4631200429914 /* DDHChess.app */;
			productType = "com.apple.product-type.application";
		};
		D5A1C98D18C4631300429914 /* DDHChessTests */ = {
			isa = PBXNativeTarget;
			buildConfigurationList = D5A1C9A218C4631300429914 /* Build configuration list for PBXNativeTarget "DDHChessTests" */;
			buildPhases = (
				D5A1C98A18C4631300429914 /* Sources */,
				D5A1C98B18C4631300429914 /* Frameworks */,
				D5A1C98C18C4631300429914 /* Resources */,
			);
			buildRules = (
			);
			dependencies = (
				D5A1C99418C4631300429914 /* PBXTargetDependency */,
			);
			name = DDHChessTests;
			productName = DDHChessTests;
			productReference = D5A1C98E18C4631300429914 /* DDHChessTests.xctest */;
			productType = "com.apple.product-type.bundle.unit-test";
		};
/* End PBXNativeTarget section */

/* Begin PBXProject section */
		D5A1C96B18C4631200429914 /* Project object */ = {
			isa = PBXProject;
			attributes = {
				CLASSPREFIX = DDH;
				LastUpgradeCheck = 0500;
				ORGANIZATIONNAME = "Dark Desert Highway Software";
				TargetAttributes = {
					D5A1C98D18C4631300429914 = {
						TestTargetID = D5A1C97218C4631200429914;
					};
				};
			};
			buildConfigurationList = D5A1C96E18C4631200429914 /* Build configuration list for PBXProject "DDHChess" */;
			compatibilityVersion = "Xcode 3.2";
			developmentRegion = English;
			hasScannedForEncodings = 0;
			knownRegions = (
				en,
			);
			mainGroup = D5A1C96A18C4631200429914;
			productRefGroup = D5A1C97418C4631200429914 /* Products */;
			projectDirPath = "";
			projectRoot = "";
			targets = (
				D5A1C97218C4631200429914 /* DDHChess */,
				D5A1C98D18C4631300429914 /* DDHChessTests */,
			);
		};
/* End PBXProject section */

/* Begin PBXResourcesBuildPhase section */
		D5A1C97118C4631200429914 /* Resources */ = {
			isa = PBXResourcesBuildPhase;
			buildActionMask = 2147483647;
			files = (
				D5B86DD718C4636800042BD9 /* BlackRook.png in Resources */,
				D5B86DCD18C4636800042BD9 /* BlackBishop.png in Resources */,
				D5B86DD018C4636800042BD9 /* BlackKing@2x.png in Resources */,
				D5DE7A9F18C69E6D00506C67 /* NullPiece.png in Resources */,
				D5B86DD118C4636800042BD9 /* BlackKnight.png in Resources */,
				D5B86DD318C4636800042BD9 /* BlackPawn.png in Resources */,
				D5B86DD518C4636800042BD9 /* BlackQueen.png in Resources */,
				D5B86DDC18C4636800042BD9 /* WhiteKing@2x.png in Resources */,
				9357F66218C8FE170034FF67 /* questionMark@2x.png in Resources */,
				D5B86DD418C4636800042BD9 /* BlackPawn@2x.png in Resources */,
				D5B86DD618C4636800042BD9 /* BlackQueen@2x.png in Resources */,
				D5B86E1A18C463B800042BD9 /* Default-568h@2x.png in Resources */,
				D5B86E1B18C463B800042BD9 /* Default.png in Resources */,
				D5A1C98118C4631300429914 /* InfoPlist.strings in Resources */,
				D5B86E1C18C463B800042BD9 /* Default@2x.png in Resources */,
				D5B86DE018C4636800042BD9 /* WhitePawn@2x.png in Resources */,
				D5B86DDE18C4636800042BD9 /* WhiteKnight@2x.png in Resources */,
				D5B86DE418C4636800042BD9 /* WhiteRook@2x.png in Resources */,
				D5B86DDF18C4636800042BD9 /* WhitePawn.png in Resources */,
				D5B86DCF18C4636800042BD9 /* BlackKing.png in Resources */,
				9357F66118C8FE170034FF67 /* questionMark.png in Resources */,
				D5B86DDB18C4636800042BD9 /* WhiteKing.png in Resources */,
				D5B86DE218C4636800042BD9 /* WhiteQueen@2x.png in Resources */,
				D5B86DD918C4636800042BD9 /* WhiteBishop.png in Resources */,
				D5B86DCE18C4636800042BD9 /* BlackBishop@2x.png in Resources */,
				D5B86DDD18C4636800042BD9 /* WhiteKnight.png in Resources */,
				D5B86DD818C4636800042BD9 /* BlackRook@2x.png in Resources */,
				D5B86DE318C4636800042BD9 /* WhiteRook.png in Resources */,
				D5B86DD218C4636800042BD9 /* BlackKnight@2x.png in Resources */,
				D5B86E1F18C463C400042BD9 /* DDHViewController.xib in Resources */,
				D5B86DE118C4636800042BD9 /* WhiteQueen.png in Resources */,
				D5B86DDA18C4636800042BD9 /* WhiteBishop@2x.png in Resources */,
			);
			runOnlyForDeploymentPostprocessing = 0;
		};
		D5A1C98C18C4631300429914 /* Resources */ = {
			isa = PBXResourcesBuildPhase;
			buildActionMask = 2147483647;
			files = (
				D5A1C99A18C4631300429914 /* InfoPlist.strings in Resources */,
			);
			runOnlyForDeploymentPostprocessing = 0;
		};
/* End PBXResourcesBuildPhase section */

/* Begin PBXSourcesBuildPhase section */
		D5A1C96F18C4631200429914 /* Sources */ = {
			isa = PBXSourcesBuildPhase;
			buildActionMask = 2147483647;
			files = (
				D5B86E0718C4637A00042BD9 /* DDHTuple.m in Sources */,
				D5B86E0118C4637A00042BD9 /* DDHKnight.m in Sources */,
				D5A1C98318C4631300429914 /* main.m in Sources */,
				D5B86E0218C4637A00042BD9 /* DDHPawn.m in Sources */,
				D5B86E1918C463B800042BD9 /* DDHViewController.m in Sources */,
				D5B86E0618C4637A00042BD9 /* DDHRook.m in Sources */,
				D5B86DFD18C4637A00042BD9 /* DDH2DArray.m in Sources */,
				D5B86E0B18C4639600042BD9 /* DDHMulticastDelegate.m in Sources */,
				D5B86E1218C463AB00042BD9 /* DDHChessBoardView.m in Sources */,
				D5B86E0318C4637A00042BD9 /* DDHPiece.m in Sources */,
				93EEB0C318EB3478000DC31F /* DDHRandomChessController.m in Sources */,
				D5A1C98718C4631300429914 /* DDHAppDelegate.m in Sources */,
				D5B86E1118C463AB00042BD9 /* DDHBoardSquare.m in Sources */,
				D5B86E0018C4637A00042BD9 /* DDHKing.m in Sources */,
				D5B86DFE18C4637A00042BD9 /* DDHBishop.m in Sources */,
				9357F65E18C469640034FF67 /* DDHNullPiece.m in Sources */,
				D5B86DFF18C4637A00042BD9 /* DDHBoard.m in Sources */,
				D5B86E0418C4637A00042BD9 /* DDHQueen.m in Sources */,
			);
			runOnlyForDeploymentPostprocessing = 0;
		};
		D5A1C98A18C4631300429914 /* Sources */ = {
			isa = PBXSourcesBuildPhase;
			buildActionMask = 2147483647;
			files = (
				D5A1C99C18C4631300429914 /* DDHChessTests.m in Sources */,
			);
			runOnlyForDeploymentPostprocessing = 0;
		};
/* End PBXSourcesBuildPhase section */

/* Begin PBXTargetDependency section */
		D5A1C99418C4631300429914 /* PBXTargetDependency */ = {
			isa = PBXTargetDependency;
			target = D5A1C97218C4631200429914 /* DDHChess */;
			targetProxy = D5A1C99318C4631300429914 /* PBXContainerItemProxy */;
		};
/* End PBXTargetDependency section */

/* Begin PBXVariantGroup section */
		D5A1C97F18C4631300429914 /* InfoPlist.strings */ = {
			isa = PBXVariantGroup;
			children = (
				D5A1C98018C4631300429914 /* en */,
			);
			name = InfoPlist.strings;
			sourceTree = "<group>";
		};
		D5A1C99818C4631300429914 /* InfoPlist.strings */ = {
			isa = PBXVariantGroup;
			children = (
				D5A1C99918C4631300429914 /* en */,
			);
			name = InfoPlist.strings;
			sourceTree = "<group>";
		};
		D5B86E1D18C463C400042BD9 /* DDHViewController.xib */ = {
			isa = PBXVariantGroup;
			children = (
				D5B86E1E18C463C400042BD9 /* en */,
			);
			name = DDHViewController.xib;
			sourceTree = "<group>";
		};
/* End PBXVariantGroup section */

/* Begin XCBuildConfiguration section */
		D5A1C99D18C4631300429914 /* Debug */ = {
			isa = XCBuildConfiguration;
			buildSettings = {
				ALWAYS_SEARCH_USER_PATHS = NO;
				ARCHS = "$(ARCHS_STANDARD_INCLUDING_64_BIT)";
				CLANG_CXX_LANGUAGE_STANDARD = "gnu++0x";
				CLANG_CXX_LIBRARY = "libc++";
				CLANG_ENABLE_MODULES = YES;
				CLANG_ENABLE_OBJC_ARC = YES;
				CLANG_WARN_BOOL_CONVERSION = YES;
				CLANG_WARN_CONSTANT_CONVERSION = YES;
				CLANG_WARN_DIRECT_OBJC_ISA_USAGE = YES_ERROR;
				CLANG_WARN_EMPTY_BODY = YES;
				CLANG_WARN_ENUM_CONVERSION = YES;
				CLANG_WARN_INT_CONVERSION = YES;
				CLANG_WARN_OBJC_ROOT_CLASS = YES_ERROR;
				CLANG_WARN__DUPLICATE_METHOD_MATCH = YES;
				"CODE_SIGN_IDENTITY[sdk=iphoneos*]" = "iPhone Developer";
				COPY_PHASE_STRIP = NO;
				GCC_C_LANGUAGE_STANDARD = gnu99;
				GCC_DYNAMIC_NO_PIC = NO;
				GCC_OPTIMIZATION_LEVEL = 0;
				GCC_PREPROCESSOR_DEFINITIONS = (
					"DEBUG=1",
					"$(inherited)",
				);
				GCC_SYMBOLS_PRIVATE_EXTERN = NO;
				GCC_WARN_64_TO_32_BIT_CONVERSION = YES;
				GCC_WARN_ABOUT_RETURN_TYPE = YES_ERROR;
				GCC_WARN_UNDECLARED_SELECTOR = YES;
				GCC_WARN_UNINITIALIZED_AUTOS = YES;
				GCC_WARN_UNUSED_FUNCTION = YES;
				GCC_WARN_UNUSED_VARIABLE = YES;
				IPHONEOS_DEPLOYMENT_TARGET = 7.0;
				ONLY_ACTIVE_ARCH = YES;
				SDKROOT = iphoneos;
				TARGETED_DEVICE_FAMILY = 2;
			};
			name = Debug;
		};
		D5A1C99E18C4631300429914 /* Release */ = {
			isa = XCBuildConfiguration;
			buildSettings = {
				ALWAYS_SEARCH_USER_PATHS = NO;
				ARCHS = "$(ARCHS_STANDARD_INCLUDING_64_BIT)";
				CLANG_CXX_LANGUAGE_STANDARD = "gnu++0x";
				CLANG_CXX_LIBRARY = "libc++";
				CLANG_ENABLE_MODULES = YES;
				CLANG_ENABLE_OBJC_ARC = YES;
				CLANG_WARN_BOOL_CONVERSION = YES;
				CLANG_WARN_CONSTANT_CONVERSION = YES;
				CLANG_WARN_DIRECT_OBJC_ISA_USAGE = YES_ERROR;
				CLANG_WARN_EMPTY_BODY = YES;
				CLANG_WARN_ENUM_CONVERSION = YES;
				CLANG_WARN_INT_CONVERSION = YES;
				CLANG_WARN_OBJC_ROOT_CLASS = YES_ERROR;
				CLANG_WARN__DUPLICATE_METHOD_MATCH = YES;
				"CODE_SIGN_IDENTITY[sdk=iphoneos*]" = "iPhone Developer";
				COPY_PHASE_STRIP = YES;
				ENABLE_NS_ASSERTIONS = NO;
				GCC_C_LANGUAGE_STANDARD = gnu99;
				GCC_WARN_64_TO_32_BIT_CONVERSION = YES;
				GCC_WARN_ABOUT_RETURN_TYPE = YES_ERROR;
				GCC_WARN_UNDECLARED_SELECTOR = YES;
				GCC_WARN_UNINITIALIZED_AUTOS = YES;
				GCC_WARN_UNUSED_FUNCTION = YES;
				GCC_WARN_UNUSED_VARIABLE = YES;
				IPHONEOS_DEPLOYMENT_TARGET = 7.0;
				SDKROOT = iphoneos;
				TARGETED_DEVICE_FAMILY = 2;
				VALIDATE_PRODUCT = YES;
			};
			name = Release;
		};
		D5A1C9A018C4631300429914 /* Debug */ = {
			isa = XCBuildConfiguration;
			buildSettings = {
				ASSETCATALOG_COMPILER_APPICON_NAME = AppIcon;
				ASSETCATALOG_COMPILER_LAUNCHIMAGE_NAME = LaunchImage;
				GCC_PRECOMPILE_PREFIX_HEADER = YES;
				GCC_PREFIX_HEADER = "DDHChess/DDHChess-Prefix.pch";
				INFOPLIST_FILE = "DDHChess/DDHChess-Info.plist";
				PRODUCT_NAME = "$(TARGET_NAME)";
				WRAPPER_EXTENSION = app;
			};
			name = Debug;
		};
		D5A1C9A118C4631300429914 /* Release */ = {
			isa = XCBuildConfiguration;
			buildSettings = {
				ASSETCATALOG_COMPILER_APPICON_NAME = AppIcon;
				ASSETCATALOG_COMPILER_LAUNCHIMAGE_NAME = LaunchImage;
				GCC_PRECOMPILE_PREFIX_HEADER = YES;
				GCC_PREFIX_HEADER = "DDHChess/DDHChess-Prefix.pch";
				INFOPLIST_FILE = "DDHChess/DDHChess-Info.plist";
				PRODUCT_NAME = "$(TARGET_NAME)";
				WRAPPER_EXTENSION = app;
			};
			name = Release;
		};
		D5A1C9A318C4631300429914 /* Debug */ = {
			isa = XCBuildConfiguration;
			buildSettings = {
				ARCHS = "$(ARCHS_STANDARD_INCLUDING_64_BIT)";
				BUNDLE_LOADER = "$(BUILT_PRODUCTS_DIR)/DDHChess.app/DDHChess";
				FRAMEWORK_SEARCH_PATHS = (
					"$(SDKROOT)/Developer/Library/Frameworks",
					"$(inherited)",
					"$(DEVELOPER_FRAMEWORKS_DIR)",
				);
				GCC_PRECOMPILE_PREFIX_HEADER = YES;
				GCC_PREFIX_HEADER = "DDHChess/DDHChess-Prefix.pch";
				GCC_PREPROCESSOR_DEFINITIONS = (
					"DEBUG=1",
					"$(inherited)",
				);
				INFOPLIST_FILE = "DDHChessTests/DDHChessTests-Info.plist";
				PRODUCT_NAME = "$(TARGET_NAME)";
				TEST_HOST = "$(BUNDLE_LOADER)";
				WRAPPER_EXTENSION = xctest;
			};
			name = Debug;
		};
		D5A1C9A418C4631300429914 /* Release */ = {
			isa = XCBuildConfiguration;
			buildSettings = {
				ARCHS = "$(ARCHS_STANDARD_INCLUDING_64_BIT)";
				BUNDLE_LOADER = "$(BUILT_PRODUCTS_DIR)/DDHChess.app/DDHChess";
				FRAMEWORK_SEARCH_PATHS = (
					"$(SDKROOT)/Developer/Library/Frameworks",
					"$(inherited)",
					"$(DEVELOPER_FRAMEWORKS_DIR)",
				);
				GCC_PRECOMPILE_PREFIX_HEADER = YES;
				GCC_PREFIX_HEADER = "DDHChess/DDHChess-Prefix.pch";
				INFOPLIST_FILE = "DDHChessTests/DDHChessTests-Info.plist";
				PRODUCT_NAME = "$(TARGET_NAME)";
				TEST_HOST = "$(BUNDLE_LOADER)";
				WRAPPER_EXTENSION = xctest;
			};
			name = Release;
		};
/* End XCBuildConfiguration section */

/* Begin XCConfigurationList section */
		D5A1C96E18C4631200429914 /* Build configuration list for PBXProject "DDHChess" */ = {
			isa = XCConfigurationList;
			buildConfigurations = (
				D5A1C99D18C4631300429914 /* Debug */,
				D5A1C99E18C4631300429914 /* Release */,
			);
			defaultConfigurationIsVisible = 0;
			defaultConfigurationName = Release;
		};
		D5A1C99F18C4631300429914 /* Build configuration list for PBXNativeTarget "DDHChess" */ = {
			isa = XCConfigurationList;
			buildConfigurations = (
				D5A1C9A018C4631300429914 /* Debug */,
				D5A1C9A118C4631300429914 /* Release */,
			);
			defaultConfigurationIsVisible = 0;
			defaultConfigurationName = Release;
		};
		D5A1C9A218C4631300429914 /* Build configuration list for PBXNativeTarget "DDHChessTests" */ = {
			isa = XCConfigurationList;
			buildConfigurations = (
				D5A1C9A318C4631300429914 /* Debug */,
				D5A1C9A418C4631300429914 /* Release */,
			);
			defaultConfigurationIsVisible = 0;
			defaultConfigurationName = Release;
		};
/* End XCConfigurationList section */
	};
	rootObject = D5A1C96B18C4631200429914 /* Project object */;
}
