// !$*UTF8*$!
{
	archiveVersion = 1;
	classes = {
	};
	objectVersion = 46;
	objects = {

/* Begin PBXBuildFile section */
		D51E838818AE2C8C001C352E /* DDHAppDelegate.m in Sources */ = {isa = PBXBuildFile; fileRef = D51E838718AE2C8C001C352E /* DDHAppDelegate.m */; };
		D51E838B18AE2C95001C352E /* DDHViewController.m in Sources */ = {isa = PBXBuildFile; fileRef = D51E838A18AE2C95001C352E /* DDHViewController.m */; };
		D51E839418AE2CAF001C352E /* DDHViewController.xib in Resources */ = {isa = PBXBuildFile; fileRef = D51E839218AE2CAF001C352E /* DDHViewController.xib */; };
		D51E839818AE2D19001C352E /* Default-568h@2x.png in Resources */ = {isa = PBXBuildFile; fileRef = D51E839518AE2D19001C352E /* Default-568h@2x.png */; };
		D51E839918AE2D19001C352E /* Default.png in Resources */ = {isa = PBXBuildFile; fileRef = D51E839618AE2D19001C352E /* Default.png */; };
		D51E839A18AE2D19001C352E /* Default@2x.png in Resources */ = {isa = PBXBuildFile; fileRef = D51E839718AE2D19001C352E /* Default@2x.png */; };
		D51E839D18AE2D21001C352E /* DDHChess-Info.plist in Resources */ = {isa = PBXBuildFile; fileRef = D51E839B18AE2D21001C352E /* DDHChess-Info.plist */; };
		D51E83A018AE2D28001C352E /* InfoPlist.strings in Resources */ = {isa = PBXBuildFile; fileRef = D51E839E18AE2D28001C352E /* InfoPlist.strings */; };
		D51E83A218AE2D35001C352E /* main.m in Sources */ = {isa = PBXBuildFile; fileRef = D51E83A118AE2D35001C352E /* main.m */; };
		D51E83AD18AE2D6B001C352E /* GameOver.png in Resources */ = {isa = PBXBuildFile; fileRef = D51E83A618AE2D6B001C352E /* GameOver.png */; };
		D51E83AE18AE2D6B001C352E /* GameOver@2x.png in Resources */ = {isa = PBXBuildFile; fileRef = D51E83A718AE2D6B001C352E /* GameOver@2x.png */; };
		D51E83AF18AE2D6B001C352E /* Reversi.png in Resources */ = {isa = PBXBuildFile; fileRef = D51E83A818AE2D6B001C352E /* Reversi.png */; };
		D51E83B018AE2D6B001C352E /* Reversi@2x.png in Resources */ = {isa = PBXBuildFile; fileRef = D51E83A918AE2D6B001C352E /* Reversi@2x.png */; };
		D51E83B118AE2D6B001C352E /* ReversiBlackPiece.png in Resources */ = {isa = PBXBuildFile; fileRef = D51E83AA18AE2D6B001C352E /* ReversiBlackPiece.png */; };
		D51E83B218AE2D6B001C352E /* ReversiBlackPiece@2x.png in Resources */ = {isa = PBXBuildFile; fileRef = D51E83AB18AE2D6B001C352E /* ReversiBlackPiece@2x.png */; };
		D51E83B318AE2D6B001C352E /* ReversiWhitePiece.png in Resources */ = {isa = PBXBuildFile; fileRef = D51E83AC18AE2D6B001C352E /* ReversiWhitePiece.png */; };
		D51E83B918AE2D8B001C352E /* DDHBoardSquare.m in Sources */ = {isa = PBXBuildFile; fileRef = D51E83B818AE2D8B001C352E /* DDHBoardSquare.m */; };
		D51E83C018AE2D9D001C352E /* DDHBoard.m in Sources */ = {isa = PBXBuildFile; fileRef = D51E83BD18AE2D9D001C352E /* DDHBoard.m */; };
		D51E83C118AE2D9D001C352E /* DDHReversiBoard.m in Sources */ = {isa = PBXBuildFile; fileRef = D51E83BF18AE2D9D001C352E /* DDHReversiBoard.m */; };
		D51E83C518AE2DCF001C352E /* DDHMulticastDelegate.m in Sources */ = {isa = PBXBuildFile; fileRef = D51E83C418AE2DCF001C352E /* DDHMulticastDelegate.m */; };
		D599E55818AE2BDE00B1670B /* Foundation.framework in Frameworks */ = {isa = PBXBuildFile; fileRef = D599E55718AE2BDE00B1670B /* Foundation.framework */; };
		D599E55A18AE2BDE00B1670B /* CoreGraphics.framework in Frameworks */ = {isa = PBXBuildFile; fileRef = D599E55918AE2BDE00B1670B /* CoreGraphics.framework */; };
		D599E55C18AE2BDE00B1670B /* UIKit.framework in Frameworks */ = {isa = PBXBuildFile; fileRef = D599E55B18AE2BDE00B1670B /* UIKit.framework */; };
		D599E55E18AE2BDE00B1670B /* SpriteKit.framework in Frameworks */ = {isa = PBXBuildFile; fileRef = D599E55D18AE2BDE00B1670B /* SpriteKit.framework */; };
		D599E57E18AE2BDE00B1670B /* XCTest.framework in Frameworks */ = {isa = PBXBuildFile; fileRef = D599E57D18AE2BDE00B1670B /* XCTest.framework */; };
		D599E57F18AE2BDE00B1670B /* Foundation.framework in Frameworks */ = {isa = PBXBuildFile; fileRef = D599E55718AE2BDE00B1670B /* Foundation.framework */; };
		D599E58018AE2BDE00B1670B /* UIKit.framework in Frameworks */ = {isa = PBXBuildFile; fileRef = D599E55B18AE2BDE00B1670B /* UIKit.framework */; };
		D599E58818AE2BDE00B1670B /* InfoPlist.strings in Resources */ = {isa = PBXBuildFile; fileRef = D599E58618AE2BDE00B1670B /* InfoPlist.strings */; };
		D599E58A18AE2BDE00B1670B /* DDHChessTests.m in Sources */ = {isa = PBXBuildFile; fileRef = D599E58918AE2BDE00B1670B /* DDHChessTests.m */; };
/* End PBXBuildFile section */

/* Begin PBXContainerItemProxy section */
		D599E58118AE2BDE00B1670B /* PBXContainerItemProxy */ = {
			isa = PBXContainerItemProxy;
			containerPortal = D599E54C18AE2BDE00B1670B /* Project object */;
			proxyType = 1;
			remoteGlobalIDString = D599E55318AE2BDE00B1670B;
			remoteInfo = DDHChess;
		};
/* End PBXContainerItemProxy section */

/* Begin PBXFileReference section */
		D51E838618AE2C8C001C352E /* DDHAppDelegate.h */ = {isa = PBXFileReference; fileEncoding = 4; lastKnownFileType = sourcecode.c.h; path = DDHAppDelegate.h; sourceTree = "<group>"; };
		D51E838718AE2C8C001C352E /* DDHAppDelegate.m */ = {isa = PBXFileReference; fileEncoding = 4; lastKnownFileType = sourcecode.c.objc; path = DDHAppDelegate.m; sourceTree = "<group>"; };
		D51E838918AE2C95001C352E /* DDHViewController.h */ = {isa = PBXFileReference; fileEncoding = 4; lastKnownFileType = sourcecode.c.h; path = DDHViewController.h; sourceTree = "<group>"; };
		D51E838A18AE2C95001C352E /* DDHViewController.m */ = {isa = PBXFileReference; fileEncoding = 4; lastKnownFileType = sourcecode.c.objc; path = DDHViewController.m; sourceTree = "<group>"; };
		D51E839318AE2CAF001C352E /* en */ = {isa = PBXFileReference; lastKnownFileType = file.xib; name = en; path = en.lproj/DDHViewController.xib; sourceTree = "<group>"; };
		D51E839518AE2D19001C352E /* Default-568h@2x.png */ = {isa = PBXFileReference; lastKnownFileType = image.png; path = "Default-568h@2x.png"; sourceTree = "<group>"; };
		D51E839618AE2D19001C352E /* Default.png */ = {isa = PBXFileReference; lastKnownFileType = image.png; path = Default.png; sourceTree = "<group>"; };
		D51E839718AE2D19001C352E /* Default@2x.png */ = {isa = PBXFileReference; lastKnownFileType = image.png; path = "Default@2x.png"; sourceTree = "<group>"; };
		D51E839B18AE2D21001C352E /* DDHChess-Info.plist */ = {isa = PBXFileReference; fileEncoding = 4; lastKnownFileType = text.plist.xml; path = "DDHChess-Info.plist"; sourceTree = "<group>"; };
		D51E839C18AE2D21001C352E /* DDHChess-Prefix.pch */ = {isa = PBXFileReference; fileEncoding = 4; lastKnownFileType = sourcecode.c.h; path = "DDHChess-Prefix.pch"; sourceTree = "<group>"; };
		D51E839F18AE2D28001C352E /* en */ = {isa = PBXFileReference; lastKnownFileType = text.plist.strings; name = en; path = en.lproj/InfoPlist.strings; sourceTree = "<group>"; };
		D51E83A118AE2D35001C352E /* main.m */ = {isa = PBXFileReference; fileEncoding = 4; lastKnownFileType = sourcecode.c.objc; path = main.m; sourceTree = "<group>"; };
		D51E83A618AE2D6B001C352E /* GameOver.png */ = {isa = PBXFileReference; lastKnownFileType = image.png; name = GameOver.png; path = Assets/GameOver.png; sourceTree = "<group>"; };
		D51E83A718AE2D6B001C352E /* GameOver@2x.png */ = {isa = PBXFileReference; lastKnownFileType = image.png; name = "GameOver@2x.png"; path = "Assets/GameOver@2x.png"; sourceTree = "<group>"; };
		D51E83A818AE2D6B001C352E /* Reversi.png */ = {isa = PBXFileReference; lastKnownFileType = image.png; name = Reversi.png; path = Assets/Reversi.png; sourceTree = "<group>"; };
		D51E83A918AE2D6B001C352E /* Reversi@2x.png */ = {isa = PBXFileReference; lastKnownFileType = image.png; name = "Reversi@2x.png"; path = "Assets/Reversi@2x.png"; sourceTree = "<group>"; };
		D51E83AA18AE2D6B001C352E /* ReversiBlackPiece.png */ = {isa = PBXFileReference; lastKnownFileType = image.png; name = ReversiBlackPiece.png; path = Assets/ReversiBlackPiece.png; sourceTree = "<group>"; };
		D51E83AB18AE2D6B001C352E /* ReversiBlackPiece@2x.png */ = {isa = PBXFileReference; lastKnownFileType = image.png; name = "ReversiBlackPiece@2x.png"; path = "Assets/ReversiBlackPiece@2x.png"; sourceTree = "<group>"; };
		D51E83AC18AE2D6B001C352E /* ReversiWhitePiece.png */ = {isa = PBXFileReference; lastKnownFileType = image.png; name = ReversiWhitePiece.png; path = Assets/ReversiWhitePiece.png; sourceTree = "<group>"; };
		D51E83B718AE2D8B001C352E /* DDHBoardSquare.h */ = {isa = PBXFileReference; fileEncoding = 4; lastKnownFileType = sourcecode.c.h; name = DDHBoardSquare.h; path = View/DDHBoardSquare.h; sourceTree = "<group>"; };
		D51E83B818AE2D8B001C352E /* DDHBoardSquare.m */ = {isa = PBXFileReference; fileEncoding = 4; lastKnownFileType = sourcecode.c.objc; name = DDHBoardSquare.m; path = View/DDHBoardSquare.m; sourceTree = "<group>"; };
		D51E83BB18AE2D9D001C352E /* BoardCellState.h */ = {isa = PBXFileReference; fileEncoding = 4; lastKnownFileType = sourcecode.c.h; name = BoardCellState.h; path = Model/BoardCellState.h; sourceTree = "<group>"; };
		D51E83BC18AE2D9D001C352E /* DDHBoard.h */ = {isa = PBXFileReference; fileEncoding = 4; lastKnownFileType = sourcecode.c.h; name = DDHBoard.h; path = Model/DDHBoard.h; sourceTree = "<group>"; };
		D51E83BD18AE2D9D001C352E /* DDHBoard.m */ = {isa = PBXFileReference; fileEncoding = 4; lastKnownFileType = sourcecode.c.objc; name = DDHBoard.m; path = Model/DDHBoard.m; sourceTree = "<group>"; };
		D51E83BE18AE2D9D001C352E /* DDHReversiBoard.h */ = {isa = PBXFileReference; fileEncoding = 4; lastKnownFileType = sourcecode.c.h; name = DDHReversiBoard.h; path = Model/DDHReversiBoard.h; sourceTree = "<group>"; };
		D51E83BF18AE2D9D001C352E /* DDHReversiBoard.m */ = {isa = PBXFileReference; fileEncoding = 4; lastKnownFileType = sourcecode.c.objc; name = DDHReversiBoard.m; path = Model/DDHReversiBoard.m; sourceTree = "<group>"; };
		D51E83C318AE2DCF001C352E /* DDHMulticastDelegate.h */ = {isa = PBXFileReference; fileEncoding = 4; lastKnownFileType = sourcecode.c.h; name = DDHMulticastDelegate.h; path = Util/DDHMulticastDelegate.h; sourceTree = "<group>"; };
		D51E83C418AE2DCF001C352E /* DDHMulticastDelegate.m */ = {isa = PBXFileReference; fileEncoding = 4; lastKnownFileType = sourcecode.c.objc; name = DDHMulticastDelegate.m; path = Util/DDHMulticastDelegate.m; sourceTree = "<group>"; };
		D599E55418AE2BDE00B1670B /* DDHChess.app */ = {isa = PBXFileReference; explicitFileType = wrapper.application; includeInIndex = 0; path = DDHChess.app; sourceTree = BUILT_PRODUCTS_DIR; };
		D599E55718AE2BDE00B1670B /* Foundation.framework */ = {isa = PBXFileReference; lastKnownFileType = wrapper.framework; name = Foundation.framework; path = System/Library/Frameworks/Foundation.framework; sourceTree = SDKROOT; };
		D599E55918AE2BDE00B1670B /* CoreGraphics.framework */ = {isa = PBXFileReference; lastKnownFileType = wrapper.framework; name = CoreGraphics.framework; path = System/Library/Frameworks/CoreGraphics.framework; sourceTree = SDKROOT; };
		D599E55B18AE2BDE00B1670B /* UIKit.framework */ = {isa = PBXFileReference; lastKnownFileType = wrapper.framework; name = UIKit.framework; path = System/Library/Frameworks/UIKit.framework; sourceTree = SDKROOT; };
		D599E55D18AE2BDE00B1670B /* SpriteKit.framework */ = {isa = PBXFileReference; lastKnownFileType = wrapper.framework; name = SpriteKit.framework; path = System/Library/Frameworks/SpriteKit.framework; sourceTree = SDKROOT; };
		D599E57C18AE2BDE00B1670B /* DDHChessTests.xctest */ = {isa = PBXFileReference; explicitFileType = wrapper.cfbundle; includeInIndex = 0; path = DDHChessTests.xctest; sourceTree = BUILT_PRODUCTS_DIR; };
		D599E57D18AE2BDE00B1670B /* XCTest.framework */ = {isa = PBXFileReference; lastKnownFileType = wrapper.framework; name = XCTest.framework; path = Library/Frameworks/XCTest.framework; sourceTree = DEVELOPER_DIR; };
		D599E58518AE2BDE00B1670B /* DDHChessTests-Info.plist */ = {isa = PBXFileReference; lastKnownFileType = text.plist.xml; path = "DDHChessTests-Info.plist"; sourceTree = "<group>"; };
		D599E58718AE2BDE00B1670B /* en */ = {isa = PBXFileReference; lastKnownFileType = text.plist.strings; name = en; path = en.lproj/InfoPlist.strings; sourceTree = "<group>"; };
		D599E58918AE2BDE00B1670B /* DDHChessTests.m */ = {isa = PBXFileReference; lastKnownFileType = sourcecode.c.objc; path = DDHChessTests.m; sourceTree = "<group>"; };
/* End PBXFileReference section */

/* Begin PBXFrameworksBuildPhase section */
		D599E55118AE2BDE00B1670B /* Frameworks */ = {
			isa = PBXFrameworksBuildPhase;
			buildActionMask = 2147483647;
			files = (
				D599E55A18AE2BDE00B1670B /* CoreGraphics.framework in Frameworks */,
				D599E55C18AE2BDE00B1670B /* UIKit.framework in Frameworks */,
				D599E55E18AE2BDE00B1670B /* SpriteKit.framework in Frameworks */,
				D599E55818AE2BDE00B1670B /* Foundation.framework in Frameworks */,
			);
			runOnlyForDeploymentPostprocessing = 0;
		};
		D599E57918AE2BDE00B1670B /* Frameworks */ = {
			isa = PBXFrameworksBuildPhase;
			buildActionMask = 2147483647;
			files = (
				D599E57E18AE2BDE00B1670B /* XCTest.framework in Frameworks */,
				D599E58018AE2BDE00B1670B /* UIKit.framework in Frameworks */,
				D599E57F18AE2BDE00B1670B /* Foundation.framework in Frameworks */,
			);
			runOnlyForDeploymentPostprocessing = 0;
		};
/* End PBXFrameworksBuildPhase section */

/* Begin PBXGroup section */
		D51E83A318AE2D54001C352E /* Assets */ = {
			isa = PBXGroup;
			children = (
				D51E83A618AE2D6B001C352E /* GameOver.png */,
				D51E83A718AE2D6B001C352E /* GameOver@2x.png */,
				D51E83A818AE2D6B001C352E /* Reversi.png */,
				D51E83A918AE2D6B001C352E /* Reversi@2x.png */,
				D51E83AA18AE2D6B001C352E /* ReversiBlackPiece.png */,
				D51E83AB18AE2D6B001C352E /* ReversiBlackPiece@2x.png */,
				D51E83AC18AE2D6B001C352E /* ReversiWhitePiece.png */,
			);
			name = Assets;
			sourceTree = "<group>";
		};
		D51E83B418AE2D70001C352E /* View */ = {
			isa = PBXGroup;
			children = (
				D51E83B718AE2D8B001C352E /* DDHBoardSquare.h */,
				D51E83B818AE2D8B001C352E /* DDHBoardSquare.m */,
			);
			name = View;
			sourceTree = "<group>";
		};
		D51E83BA18AE2D90001C352E /* Model */ = {
			isa = PBXGroup;
			children = (
				D51E83BB18AE2D9D001C352E /* BoardCellState.h */,
				D51E83BC18AE2D9D001C352E /* DDHBoard.h */,
				D51E83BD18AE2D9D001C352E /* DDHBoard.m */,
				D51E83BE18AE2D9D001C352E /* DDHReversiBoard.h */,
				D51E83BF18AE2D9D001C352E /* DDHReversiBoard.m */,
			);
			name = Model;
			sourceTree = "<group>";
		};
		D51E83C218AE2DC0001C352E /* Util */ = {
			isa = PBXGroup;
			children = (
				D51E83C318AE2DCF001C352E /* DDHMulticastDelegate.h */,
				D51E83C418AE2DCF001C352E /* DDHMulticastDelegate.m */,
			);
			name = Util;
			sourceTree = "<group>";
		};
		D599E54B18AE2BDE00B1670B = {
			isa = PBXGroup;
			children = (
				D599E55F18AE2BDE00B1670B /* DDHChess */,
				D599E58318AE2BDE00B1670B /* DDHChessTests */,
				D599E55618AE2BDE00B1670B /* Frameworks */,
				D599E55518AE2BDE00B1670B /* Products */,
			);
			sourceTree = "<group>";
		};
		D599E55518AE2BDE00B1670B /* Products */ = {
			isa = PBXGroup;
			children = (
				D599E55418AE2BDE00B1670B /* DDHChess.app */,
				D599E57C18AE2BDE00B1670B /* DDHChessTests.xctest */,
			);
			name = Products;
			sourceTree = "<group>";
		};
		D599E55618AE2BDE00B1670B /* Frameworks */ = {
			isa = PBXGroup;
			children = (
				D599E55718AE2BDE00B1670B /* Foundation.framework */,
				D599E55918AE2BDE00B1670B /* CoreGraphics.framework */,
				D599E55B18AE2BDE00B1670B /* UIKit.framework */,
				D599E55D18AE2BDE00B1670B /* SpriteKit.framework */,
				D599E57D18AE2BDE00B1670B /* XCTest.framework */,
			);
			name = Frameworks;
			sourceTree = "<group>";
		};
		D599E55F18AE2BDE00B1670B /* DDHChess */ = {
			isa = PBXGroup;
			children = (
				D51E83C218AE2DC0001C352E /* Util */,
				D51E83BA18AE2D90001C352E /* Model */,
				D51E83B418AE2D70001C352E /* View */,
				D51E83A318AE2D54001C352E /* Assets */,
				D51E839218AE2CAF001C352E /* DDHViewController.xib */,
				D51E838918AE2C95001C352E /* DDHViewController.h */,
				D51E838A18AE2C95001C352E /* DDHViewController.m */,
				D51E838618AE2C8C001C352E /* DDHAppDelegate.h */,
				D51E838718AE2C8C001C352E /* DDHAppDelegate.m */,
				D599E56018AE2BDE00B1670B /* Supporting Files */,
			);
			path = DDHChess;
			sourceTree = "<group>";
		};
		D599E56018AE2BDE00B1670B /* Supporting Files */ = {
			isa = PBXGroup;
			children = (
				D51E83A118AE2D35001C352E /* main.m */,
				D51E839E18AE2D28001C352E /* InfoPlist.strings */,
				D51E839B18AE2D21001C352E /* DDHChess-Info.plist */,
				D51E839C18AE2D21001C352E /* DDHChess-Prefix.pch */,
				D51E839518AE2D19001C352E /* Default-568h@2x.png */,
				D51E839618AE2D19001C352E /* Default.png */,
				D51E839718AE2D19001C352E /* Default@2x.png */,
			);
			name = "Supporting Files";
			sourceTree = "<group>";
		};
		D599E58318AE2BDE00B1670B /* DDHChessTests */ = {
			isa = PBXGroup;
			children = (
				D599E58918AE2BDE00B1670B /* DDHChessTests.m */,
				D599E58418AE2BDE00B1670B /* Supporting Files */,
			);
			path = DDHChessTests;
			sourceTree = "<group>";
		};
		D599E58418AE2BDE00B1670B /* Supporting Files */ = {
			isa = PBXGroup;
			children = (
				D599E58518AE2BDE00B1670B /* DDHChessTests-Info.plist */,
				D599E58618AE2BDE00B1670B /* InfoPlist.strings */,
			);
			name = "Supporting Files";
			sourceTree = "<group>";
		};
/* End PBXGroup section */

/* Begin PBXNativeTarget section */
		D599E55318AE2BDE00B1670B /* DDHChess */ = {
			isa = PBXNativeTarget;
			buildConfigurationList = D599E58D18AE2BDE00B1670B /* Build configuration list for PBXNativeTarget "DDHChess" */;
			buildPhases = (
				D599E55018AE2BDE00B1670B /* Sources */,
				D599E55118AE2BDE00B1670B /* Frameworks */,
				D599E55218AE2BDE00B1670B /* Resources */,
			);
			buildRules = (
			);
			dependencies = (
			);
			name = DDHChess;
			productName = DDHChess;
			productReference = D599E55418AE2BDE00B1670B /* DDHChess.app */;
			productType = "com.apple.product-type.application";
		};
		D599E57B18AE2BDE00B1670B /* DDHChessTests */ = {
			isa = PBXNativeTarget;
			buildConfigurationList = D599E59018AE2BDE00B1670B /* Build configuration list for PBXNativeTarget "DDHChessTests" */;
			buildPhases = (
				D599E57818AE2BDE00B1670B /* Sources */,
				D599E57918AE2BDE00B1670B /* Frameworks */,
				D599E57A18AE2BDE00B1670B /* Resources */,
			);
			buildRules = (
			);
			dependencies = (
				D599E58218AE2BDE00B1670B /* PBXTargetDependency */,
			);
			name = DDHChessTests;
			productName = DDHChessTests;
			productReference = D599E57C18AE2BDE00B1670B /* DDHChessTests.xctest */;
			productType = "com.apple.product-type.bundle.unit-test";
		};
/* End PBXNativeTarget section */

/* Begin PBXProject section */
		D599E54C18AE2BDE00B1670B /* Project object */ = {
			isa = PBXProject;
			attributes = {
				CLASSPREFIX = DDH;
				LastUpgradeCheck = 0500;
				ORGANIZATIONNAME = "Dark Desert Highway Software";
				TargetAttributes = {
					D599E57B18AE2BDE00B1670B = {
						TestTargetID = D599E55318AE2BDE00B1670B;
					};
				};
			};
			buildConfigurationList = D599E54F18AE2BDE00B1670B /* Build configuration list for PBXProject "DDHChess" */;
			compatibilityVersion = "Xcode 3.2";
			developmentRegion = English;
			hasScannedForEncodings = 0;
			knownRegions = (
				en,
				Base,
			);
			mainGroup = D599E54B18AE2BDE00B1670B;
			productRefGroup = D599E55518AE2BDE00B1670B /* Products */;
			projectDirPath = "";
			projectRoot = "";
			targets = (
				D599E55318AE2BDE00B1670B /* DDHChess */,
				D599E57B18AE2BDE00B1670B /* DDHChessTests */,
			);
		};
/* End PBXProject section */

/* Begin PBXResourcesBuildPhase section */
		D599E55218AE2BDE00B1670B /* Resources */ = {
			isa = PBXResourcesBuildPhase;
			buildActionMask = 2147483647;
			files = (
				D51E839A18AE2D19001C352E /* Default@2x.png in Resources */,
				D51E83B118AE2D6B001C352E /* ReversiBlackPiece.png in Resources */,
				D51E839418AE2CAF001C352E /* DDHViewController.xib in Resources */,
				D51E83AE18AE2D6B001C352E /* GameOver@2x.png in Resources */,
				D51E83B218AE2D6B001C352E /* ReversiBlackPiece@2x.png in Resources */,
				D51E83AF18AE2D6B001C352E /* Reversi.png in Resources */,
				D51E839918AE2D19001C352E /* Default.png in Resources */,
				D51E83B018AE2D6B001C352E /* Reversi@2x.png in Resources */,
				D51E839D18AE2D21001C352E /* DDHChess-Info.plist in Resources */,
				D51E83AD18AE2D6B001C352E /* GameOver.png in Resources */,
				D51E83B318AE2D6B001C352E /* ReversiWhitePiece.png in Resources */,
				D51E839818AE2D19001C352E /* Default-568h@2x.png in Resources */,
				D51E83A018AE2D28001C352E /* InfoPlist.strings in Resources */,
			);
			runOnlyForDeploymentPostprocessing = 0;
		};
		D599E57A18AE2BDE00B1670B /* Resources */ = {
			isa = PBXResourcesBuildPhase;
			buildActionMask = 2147483647;
			files = (
				D599E58818AE2BDE00B1670B /* InfoPlist.strings in Resources */,
			);
			runOnlyForDeploymentPostprocessing = 0;
		};
/* End PBXResourcesBuildPhase section */

/* Begin PBXSourcesBuildPhase section */
		D599E55018AE2BDE00B1670B /* Sources */ = {
			isa = PBXSourcesBuildPhase;
			buildActionMask = 2147483647;
			files = (
				D51E83C118AE2D9D001C352E /* DDHReversiBoard.m in Sources */,
				D51E83B918AE2D8B001C352E /* DDHBoardSquare.m in Sources */,
				D51E838818AE2C8C001C352E /* DDHAppDelegate.m in Sources */,
				D51E83A218AE2D35001C352E /* main.m in Sources */,
				D51E838B18AE2C95001C352E /* DDHViewController.m in Sources */,
				D51E83C018AE2D9D001C352E /* DDHBoard.m in Sources */,
				D51E83C518AE2DCF001C352E /* DDHMulticastDelegate.m in Sources */,
			);
			runOnlyForDeploymentPostprocessing = 0;
		};
		D599E57818AE2BDE00B1670B /* Sources */ = {
			isa = PBXSourcesBuildPhase;
			buildActionMask = 2147483647;
			files = (
				D599E58A18AE2BDE00B1670B /* DDHChessTests.m in Sources */,
			);
			runOnlyForDeploymentPostprocessing = 0;
		};
/* End PBXSourcesBuildPhase section */

/* Begin PBXTargetDependency section */
		D599E58218AE2BDE00B1670B /* PBXTargetDependency */ = {
			isa = PBXTargetDependency;
			target = D599E55318AE2BDE00B1670B /* DDHChess */;
			targetProxy = D599E58118AE2BDE00B1670B /* PBXContainerItemProxy */;
		};
/* End PBXTargetDependency section */

/* Begin PBXVariantGroup section */
		D51E839218AE2CAF001C352E /* DDHViewController.xib */ = {
			isa = PBXVariantGroup;
			children = (
				D51E839318AE2CAF001C352E /* en */,
			);
			name = DDHViewController.xib;
			sourceTree = "<group>";
		};
		D51E839E18AE2D28001C352E /* InfoPlist.strings */ = {
			isa = PBXVariantGroup;
			children = (
				D51E839F18AE2D28001C352E /* en */,
			);
			name = InfoPlist.strings;
			sourceTree = "<group>";
		};
		D599E58618AE2BDE00B1670B /* InfoPlist.strings */ = {
			isa = PBXVariantGroup;
			children = (
				D599E58718AE2BDE00B1670B /* en */,
			);
			name = InfoPlist.strings;
			sourceTree = "<group>";
		};
/* End PBXVariantGroup section */

/* Begin XCBuildConfiguration section */
		D599E58B18AE2BDE00B1670B /* Debug */ = {
			isa = XCBuildConfiguration;
			buildSettings = {
				ALWAYS_SEARCH_USER_PATHS = NO;
				ARCHS = "$(ARCHS_STANDARD_INCLUDING_64_BIT)";
				CLANG_CXX_LANGUAGE_STANDARD = "gnu++0x";
				CLANG_CXX_LIBRARY = "libc++";
				CLANG_ENABLE_MODULES = YES;
				CLANG_ENABLE_OBJC_ARC = YES;
				CLANG_WARN_BOOL_CONVERSION = YES;
				CLANG_WARN_CONSTANT_CONVERSION = YES;
				CLANG_WARN_DIRECT_OBJC_ISA_USAGE = YES_ERROR;
				CLANG_WARN_EMPTY_BODY = YES;
				CLANG_WARN_ENUM_CONVERSION = YES;
				CLANG_WARN_INT_CONVERSION = YES;
				CLANG_WARN_OBJC_ROOT_CLASS = YES_ERROR;
				CLANG_WARN__DUPLICATE_METHOD_MATCH = YES;
				"CODE_SIGN_IDENTITY[sdk=iphoneos*]" = "iPhone Developer";
				COPY_PHASE_STRIP = NO;
				GCC_C_LANGUAGE_STANDARD = gnu99;
				GCC_DYNAMIC_NO_PIC = NO;
				GCC_OPTIMIZATION_LEVEL = 0;
				GCC_PREPROCESSOR_DEFINITIONS = (
					"DEBUG=1",
					"$(inherited)",
				);
				GCC_SYMBOLS_PRIVATE_EXTERN = NO;
				GCC_WARN_64_TO_32_BIT_CONVERSION = YES;
				GCC_WARN_ABOUT_RETURN_TYPE = YES_ERROR;
				GCC_WARN_UNDECLARED_SELECTOR = YES;
				GCC_WARN_UNINITIALIZED_AUTOS = YES;
				GCC_WARN_UNUSED_FUNCTION = YES;
				GCC_WARN_UNUSED_VARIABLE = YES;
				IPHONEOS_DEPLOYMENT_TARGET = 7.0;
				ONLY_ACTIVE_ARCH = YES;
				SDKROOT = iphoneos;
				TARGETED_DEVICE_FAMILY = 2;
			};
			name = Debug;
		};
		D599E58C18AE2BDE00B1670B /* Release */ = {
			isa = XCBuildConfiguration;
			buildSettings = {
				ALWAYS_SEARCH_USER_PATHS = NO;
				ARCHS = "$(ARCHS_STANDARD_INCLUDING_64_BIT)";
				CLANG_CXX_LANGUAGE_STANDARD = "gnu++0x";
				CLANG_CXX_LIBRARY = "libc++";
				CLANG_ENABLE_MODULES = YES;
				CLANG_ENABLE_OBJC_ARC = YES;
				CLANG_WARN_BOOL_CONVERSION = YES;
				CLANG_WARN_CONSTANT_CONVERSION = YES;
				CLANG_WARN_DIRECT_OBJC_ISA_USAGE = YES_ERROR;
				CLANG_WARN_EMPTY_BODY = YES;
				CLANG_WARN_ENUM_CONVERSION = YES;
				CLANG_WARN_INT_CONVERSION = YES;
				CLANG_WARN_OBJC_ROOT_CLASS = YES_ERROR;
				CLANG_WARN__DUPLICATE_METHOD_MATCH = YES;
				"CODE_SIGN_IDENTITY[sdk=iphoneos*]" = "iPhone Developer";
				COPY_PHASE_STRIP = YES;
				ENABLE_NS_ASSERTIONS = NO;
				GCC_C_LANGUAGE_STANDARD = gnu99;
				GCC_WARN_64_TO_32_BIT_CONVERSION = YES;
				GCC_WARN_ABOUT_RETURN_TYPE = YES_ERROR;
				GCC_WARN_UNDECLARED_SELECTOR = YES;
				GCC_WARN_UNINITIALIZED_AUTOS = YES;
				GCC_WARN_UNUSED_FUNCTION = YES;
				GCC_WARN_UNUSED_VARIABLE = YES;
				IPHONEOS_DEPLOYMENT_TARGET = 7.0;
				SDKROOT = iphoneos;
				TARGETED_DEVICE_FAMILY = 2;
				VALIDATE_PRODUCT = YES;
			};
			name = Release;
		};
		D599E58E18AE2BDE00B1670B /* Debug */ = {
			isa = XCBuildConfiguration;
			buildSettings = {
				ASSETCATALOG_COMPILER_APPICON_NAME = AppIcon;
				ASSETCATALOG_COMPILER_LAUNCHIMAGE_NAME = LaunchImage;
				GCC_PRECOMPILE_PREFIX_HEADER = YES;
				GCC_PREFIX_HEADER = "DDHChess/DDHChess-Prefix.pch";
				INFOPLIST_FILE = "DDHChess/DDHChess-Info.plist";
				PRODUCT_NAME = "$(TARGET_NAME)";
				SPRITEKIT_TEXTURE_ATLAS_OUTPUT = YES;
				WRAPPER_EXTENSION = app;
			};
			name = Debug;
		};
		D599E58F18AE2BDE00B1670B /* Release */ = {
			isa = XCBuildConfiguration;
			buildSettings = {
				ASSETCATALOG_COMPILER_APPICON_NAME = AppIcon;
				ASSETCATALOG_COMPILER_LAUNCHIMAGE_NAME = LaunchImage;
				GCC_PRECOMPILE_PREFIX_HEADER = YES;
				GCC_PREFIX_HEADER = "DDHChess/DDHChess-Prefix.pch";
				INFOPLIST_FILE = "DDHChess/DDHChess-Info.plist";
				PRODUCT_NAME = "$(TARGET_NAME)";
				SPRITEKIT_TEXTURE_ATLAS_OUTPUT = YES;
				WRAPPER_EXTENSION = app;
			};
			name = Release;
		};
		D599E59118AE2BDE00B1670B /* Debug */ = {
			isa = XCBuildConfiguration;
			buildSettings = {
				ARCHS = "$(ARCHS_STANDARD_INCLUDING_64_BIT)";
				BUNDLE_LOADER = "$(BUILT_PRODUCTS_DIR)/DDHChess.app/DDHChess";
				FRAMEWORK_SEARCH_PATHS = (
					"$(SDKROOT)/Developer/Library/Frameworks",
					"$(inherited)",
					"$(DEVELOPER_FRAMEWORKS_DIR)",
				);
				GCC_PRECOMPILE_PREFIX_HEADER = YES;
				GCC_PREFIX_HEADER = "DDHChess/DDHChess-Prefix.pch";
				GCC_PREPROCESSOR_DEFINITIONS = (
					"DEBUG=1",
					"$(inherited)",
				);
				INFOPLIST_FILE = "DDHChessTests/DDHChessTests-Info.plist";
				PRODUCT_NAME = "$(TARGET_NAME)";
				TEST_HOST = "$(BUNDLE_LOADER)";
				WRAPPER_EXTENSION = xctest;
			};
			name = Debug;
		};
		D599E59218AE2BDE00B1670B /* Release */ = {
			isa = XCBuildConfiguration;
			buildSettings = {
				ARCHS = "$(ARCHS_STANDARD_INCLUDING_64_BIT)";
				BUNDLE_LOADER = "$(BUILT_PRODUCTS_DIR)/DDHChess.app/DDHChess";
				FRAMEWORK_SEARCH_PATHS = (
					"$(SDKROOT)/Developer/Library/Frameworks",
					"$(inherited)",
					"$(DEVELOPER_FRAMEWORKS_DIR)",
				);
				GCC_PRECOMPILE_PREFIX_HEADER = YES;
				GCC_PREFIX_HEADER = "DDHChess/DDHChess-Prefix.pch";
				INFOPLIST_FILE = "DDHChessTests/DDHChessTests-Info.plist";
				PRODUCT_NAME = "$(TARGET_NAME)";
				TEST_HOST = "$(BUNDLE_LOADER)";
				WRAPPER_EXTENSION = xctest;
			};
			name = Release;
		};
/* End XCBuildConfiguration section */

/* Begin XCConfigurationList section */
		D599E54F18AE2BDE00B1670B /* Build configuration list for PBXProject "DDHChess" */ = {
			isa = XCConfigurationList;
			buildConfigurations = (
				D599E58B18AE2BDE00B1670B /* Debug */,
				D599E58C18AE2BDE00B1670B /* Release */,
			);
			defaultConfigurationIsVisible = 0;
			defaultConfigurationName = Release;
		};
		D599E58D18AE2BDE00B1670B /* Build configuration list for PBXNativeTarget "DDHChess" */ = {
			isa = XCConfigurationList;
			buildConfigurations = (
				D599E58E18AE2BDE00B1670B /* Debug */,
				D599E58F18AE2BDE00B1670B /* Release */,
			);
			defaultConfigurationIsVisible = 0;
			defaultConfigurationName = Release;
		};
		D599E59018AE2BDE00B1670B /* Build configuration list for PBXNativeTarget "DDHChessTests" */ = {
			isa = XCConfigurationList;
			buildConfigurations = (
				D599E59118AE2BDE00B1670B /* Debug */,
				D599E59218AE2BDE00B1670B /* Release */,
			);
			defaultConfigurationIsVisible = 0;
			defaultConfigurationName = Release;
		};
/* End XCConfigurationList section */
	};
	rootObject = D599E54C18AE2BDE00B1670B /* Project object */;
}
